Microsoft Visual Studio Solution File, Format Version 12.00
# Visual Studio Version 17
VisualStudioVersion = 17.5.2.0
MinimumVisualStudioVersion = 10.0.40219.1
Project("{FAE04EC0-301F-11D3-BF4B-00C04F79EFBC}") = "THJ-Inventory-Reader", "THJ-Inventory-Reader.csproj", "{6C6F54BD-0FEF-4F7C-2BB6-EDFA68DE93A4}"
EndProject
Global
	GlobalSection(SolutionConfigurationPlatforms) = preSolution
		Debug|Any CPU = Debug|Any CPU
		Release|Any CPU = Release|Any CPU
	EndGlobalSection
	GlobalSection(ProjectConfigurationPlatforms) = postSolution
		{6C6F54BD-0FEF-4F7C-2BB6-EDFA68DE93A4}.Debug|Any CPU.ActiveCfg = Debug|Any CPU
		{6C6F54BD-0FEF-4F7C-2BB6-EDFA68DE93A4}.Debug|Any CPU.Build.0 = Debug|Any CPU
		{6C6F54BD-0FEF-4F7C-2BB6-EDFA68DE93A4}.Release|Any CPU.ActiveCfg = Release|Any CPU
		{6C6F54BD-0FEF-4F7C-2BB6-EDFA68DE93A4}.Release|Any CPU.Build.0 = Release|Any CPU
	EndGlobalSection
	GlobalSection(SolutionProperties) = preSolution
		HideSolutionNode = FALSE
	EndGlobalSection
	GlobalSection(ExtensibilityGlobals) = postSolution
		SolutionGuid = {A5976367-B535-40FC-B76E-D712CF8EC705}
	EndGlobalSection
EndGlobal
